// !$*UTF8*$!
{
	archiveVersion = 1;
	classes = {
	};
	objectVersion = 50;
	objects = {

/* Begin PBXBuildFile section */
		F3963F2D21B7719500493F20 /* AppDelegate.swift in Sources */ = {isa = PBXBuildFile; fileRef = F3963F2C21B7719500493F20 /* AppDelegate.swift */; };
		F3963F2F21B7719500493F20 /* MainViewController.swift in Sources */ = {isa = PBXBuildFile; fileRef = F3963F2E21B7719500493F20 /* MainViewController.swift */; };
		F3963F3221B7719500493F20 /* Main.storyboard in Resources */ = {isa = PBXBuildFile; fileRef = F3963F3021B7719500493F20 /* Main.storyboard */; };
		F3963F3521B7719500493F20 /* Tienda.xcdatamodeld in Sources */ = {isa = PBXBuildFile; fileRef = F3963F3321B7719500493F20 /* Tienda.xcdatamodeld */; };
		F3963F3721B7719700493F20 /* Assets.xcassets in Resources */ = {isa = PBXBuildFile; fileRef = F3963F3621B7719700493F20 /* Assets.xcassets */; };
		F3963F3A21B7719800493F20 /* LaunchScreen.storyboard in Resources */ = {isa = PBXBuildFile; fileRef = F3963F3821B7719800493F20 /* LaunchScreen.storyboard */; };
		F3963F4321B772EF00493F20 /* ItemViewCell.swift in Sources */ = {isa = PBXBuildFile; fileRef = F3963F4121B772EF00493F20 /* ItemViewCell.swift */; };
		F3963F4621B7740500493F20 /* MainViewModel.swift in Sources */ = {isa = PBXBuildFile; fileRef = F3963F4521B7740500493F20 /* MainViewModel.swift */; };
		F3963F4A21B775B600493F20 /* StoreItem+CoreDataClass.swift in Sources */ = {isa = PBXBuildFile; fileRef = F3963F4821B775B600493F20 /* StoreItem+CoreDataClass.swift */; };
		F3963F4B21B775B600493F20 /* StoreItem+CoreDataProperties.swift in Sources */ = {isa = PBXBuildFile; fileRef = F3963F4921B775B600493F20 /* StoreItem+CoreDataProperties.swift */; };
		F3963F5321B783FF00493F20 /* DetailViewController.swift in Sources */ = {isa = PBXBuildFile; fileRef = F3963F5221B783FF00493F20 /* DetailViewController.swift */; };
		F3963F5621B78A5A00493F20 /* UIViewController+Extension.swift in Sources */ = {isa = PBXBuildFile; fileRef = F3963F5521B78A5A00493F20 /* UIViewController+Extension.swift */; };
/* End PBXBuildFile section */

/* Begin PBXFileReference section */
		F3963F2921B7719500493F20 /* Tienda.app */ = {isa = PBXFileReference; explicitFileType = wrapper.application; includeInIndex = 0; path = Tienda.app; sourceTree = BUILT_PRODUCTS_DIR; };
		F3963F2C21B7719500493F20 /* AppDelegate.swift */ = {isa = PBXFileReference; lastKnownFileType = sourcecode.swift; path = AppDelegate.swift; sourceTree = "<group>"; };
		F3963F2E21B7719500493F20 /* MainViewController.swift */ = {isa = PBXFileReference; lastKnownFileType = sourcecode.swift; path = MainViewController.swift; sourceTree = "<group>"; };
		F3963F3121B7719500493F20 /* Base */ = {isa = PBXFileReference; lastKnownFileType = file.storyboard; name = Base; path = Base.lproj/Main.storyboard; sourceTree = "<group>"; };
		F3963F3421B7719500493F20 /* Tienda.xcdatamodel */ = {isa = PBXFileReference; lastKnownFileType = wrapper.xcdatamodel; path = Tienda.xcdatamodel; sourceTree = "<group>"; };
		F3963F3621B7719700493F20 /* Assets.xcassets */ = {isa = PBXFileReference; lastKnownFileType = folder.assetcatalog; path = Assets.xcassets; sourceTree = "<group>"; };
		F3963F3921B7719800493F20 /* Base */ = {isa = PBXFileReference; lastKnownFileType = file.storyboard; name = Base; path = Base.lproj/LaunchScreen.storyboard; sourceTree = "<group>"; };
		F3963F3B21B7719800493F20 /* Info.plist */ = {isa = PBXFileReference; lastKnownFileType = text.plist.xml; path = Info.plist; sourceTree = "<group>"; };
		F3963F4121B772EF00493F20 /* ItemViewCell.swift */ = {isa = PBXFileReference; lastKnownFileType = sourcecode.swift; path = ItemViewCell.swift; sourceTree = "<group>"; };
		F3963F4521B7740500493F20 /* MainViewModel.swift */ = {isa = PBXFileReference; lastKnownFileType = sourcecode.swift; path = MainViewModel.swift; sourceTree = "<group>"; };
		F3963F4821B775B600493F20 /* StoreItem+CoreDataClass.swift */ = {isa = PBXFileReference; lastKnownFileType = sourcecode.swift; path = "StoreItem+CoreDataClass.swift"; sourceTree = "<group>"; };
		F3963F4921B775B600493F20 /* StoreItem+CoreDataProperties.swift */ = {isa = PBXFileReference; lastKnownFileType = sourcecode.swift; path = "StoreItem+CoreDataProperties.swift"; sourceTree = "<group>"; };
		F3963F5221B783FF00493F20 /* DetailViewController.swift */ = {isa = PBXFileReference; lastKnownFileType = sourcecode.swift; path = DetailViewController.swift; sourceTree = "<group>"; };
		F3963F5521B78A5A00493F20 /* UIViewController+Extension.swift */ = {isa = PBXFileReference; lastKnownFileType = sourcecode.swift; path = "UIViewController+Extension.swift"; sourceTree = "<group>"; };
/* End PBXFileReference section */

/* Begin PBXFrameworksBuildPhase section */
		F3963F2621B7719500493F20 /* Frameworks */ = {
			isa = PBXFrameworksBuildPhase;
			buildActionMask = 2147483647;
			files = (
			);
			runOnlyForDeploymentPostprocessing = 0;
		};
/* End PBXFrameworksBuildPhase section */

/* Begin PBXGroup section */
		F3963F2021B7719500493F20 = {
			isa = PBXGroup;
			children = (
				F3963F2B21B7719500493F20 /* Tienda */,
				F3963F2A21B7719500493F20 /* Products */,
			);
			sourceTree = "<group>";
		};
		F3963F2A21B7719500493F20 /* Products */ = {
			isa = PBXGroup;
			children = (
				F3963F2921B7719500493F20 /* Tienda.app */,
			);
			name = Products;
			sourceTree = "<group>";
		};
		F3963F2B21B7719500493F20 /* Tienda */ = {
			isa = PBXGroup;
			children = (
				F3963F2C21B7719500493F20 /* AppDelegate.swift */,
				F3963F5421B78A4200493F20 /* Util */,
				F3963F4C21B775D400493F20 /* CoreData */,
				F3963F5021B7763800493F20 /* View */,
				F3963F4721B7740C00493F20 /* Module */,
				F3963F4F21B7761800493F20 /* Resources */,
			);
			path = Tienda;
			sourceTree = "<group>";
		};
		F3963F4721B7740C00493F20 /* Module */ = {
			isa = PBXGroup;
			children = (
				F3963F5121B783E700493F20 /* Detail */,
				F3963F4D21B775E200493F20 /* Main */,
			);
			path = Module;
			sourceTree = "<group>";
		};
		F3963F4C21B775D400493F20 /* CoreData */ = {
			isa = PBXGroup;
			children = (
				F3963F3321B7719500493F20 /* Tienda.xcdatamodeld */,
				F3963F4821B775B600493F20 /* StoreItem+CoreDataClass.swift */,
				F3963F4921B775B600493F20 /* StoreItem+CoreDataProperties.swift */,
			);
			path = CoreData;
			sourceTree = "<group>";
		};
		F3963F4D21B775E200493F20 /* Main */ = {
			isa = PBXGroup;
			children = (
				F3963F2E21B7719500493F20 /* MainViewController.swift */,
				F3963F4521B7740500493F20 /* MainViewModel.swift */,
			);
			path = Main;
			sourceTree = "<group>";
		};
		F3963F4E21B775F400493F20 /* Cell */ = {
			isa = PBXGroup;
			children = (
				F3963F4121B772EF00493F20 /* ItemViewCell.swift */,
			);
			path = Cell;
			sourceTree = "<group>";
		};
		F3963F4F21B7761800493F20 /* Resources */ = {
			isa = PBXGroup;
			children = (
				F3963F3621B7719700493F20 /* Assets.xcassets */,
				F3963F3B21B7719800493F20 /* Info.plist */,
			);
			path = Resources;
			sourceTree = "<group>";
		};
		F3963F5021B7763800493F20 /* View */ = {
			isa = PBXGroup;
			children = (
				F3963F4E21B775F400493F20 /* Cell */,
				F3963F3021B7719500493F20 /* Main.storyboard */,
				F3963F3821B7719800493F20 /* LaunchScreen.storyboard */,
			);
			path = View;
			sourceTree = "<group>";
		};
		F3963F5121B783E700493F20 /* Detail */ = {
			isa = PBXGroup;
			children = (
				F3963F5221B783FF00493F20 /* DetailViewController.swift */,
			);
			path = Detail;
			sourceTree = "<group>";
		};
		F3963F5421B78A4200493F20 /* Util */ = {
			isa = PBXGroup;
			children = (
				F3963F5521B78A5A00493F20 /* UIViewController+Extension.swift */,
			);
			path = Util;
			sourceTree = "<group>";
		};
/* End PBXGroup section */

/* Begin PBXNativeTarget section */
		F3963F2821B7719500493F20 /* Tienda */ = {
			isa = PBXNativeTarget;
			buildConfigurationList = F3963F3E21B7719800493F20 /* Build configuration list for PBXNativeTarget "Tienda" */;
			buildPhases = (
				F3963F2521B7719500493F20 /* Sources */,
				F3963F2621B7719500493F20 /* Frameworks */,
				F3963F2721B7719500493F20 /* Resources */,
			);
			buildRules = (
			);
			dependencies = (
			);
			name = Tienda;
			productName = Tienda;
			productReference = F3963F2921B7719500493F20 /* Tienda.app */;
			productType = "com.apple.product-type.application";
		};
/* End PBXNativeTarget section */

/* Begin PBXProject section */
		F3963F2121B7719500493F20 /* Project object */ = {
			isa = PBXProject;
			attributes = {
				LastSwiftUpdateCheck = 1010;
				LastUpgradeCheck = 1010;
				ORGANIZATIONNAME = "Ali López Galaviz";
				TargetAttributes = {
					F3963F2821B7719500493F20 = {
						CreatedOnToolsVersion = 10.1;
					};
				};
			};
			buildConfigurationList = F3963F2421B7719500493F20 /* Build configuration list for PBXProject "Tienda" */;
			compatibilityVersion = "Xcode 9.3";
			developmentRegion = en;
			hasScannedForEncodings = 0;
			knownRegions = (
				en,
				Base,
			);
			mainGroup = F3963F2021B7719500493F20;
			productRefGroup = F3963F2A21B7719500493F20 /* Products */;
			projectDirPath = "";
			projectRoot = "";
			targets = (
				F3963F2821B7719500493F20 /* Tienda */,
			);
		};
/* End PBXProject section */

/* Begin PBXResourcesBuildPhase section */
		F3963F2721B7719500493F20 /* Resources */ = {
			isa = PBXResourcesBuildPhase;
			buildActionMask = 2147483647;
			files = (
				F3963F3A21B7719800493F20 /* LaunchScreen.storyboard in Resources */,
				F3963F3721B7719700493F20 /* Assets.xcassets in Resources */,
				F3963F3221B7719500493F20 /* Main.storyboard in Resources */,
			);
			runOnlyForDeploymentPostprocessing = 0;
		};
/* End PBXResourcesBuildPhase section */

/* Begin PBXSourcesBuildPhase section */
		F3963F2521B7719500493F20 /* Sources */ = {
			isa = PBXSourcesBuildPhase;
			buildActionMask = 2147483647;
			files = (
				F3963F5621B78A5A00493F20 /* UIViewController+Extension.swift in Sources */,
				F3963F4A21B775B600493F20 /* StoreItem+CoreDataClass.swift in Sources */,
				F3963F4621B7740500493F20 /* MainViewModel.swift in Sources */,
				F3963F2F21B7719500493F20 /* MainViewController.swift in Sources */,
				F3963F3521B7719500493F20 /* Tienda.xcdatamodeld in Sources */,
				F3963F4321B772EF00493F20 /* ItemViewCell.swift in Sources */,
				F3963F2D21B7719500493F20 /* AppDelegate.swift in Sources */,
				F3963F4B21B775B600493F20 /* StoreItem+CoreDataProperties.swift in Sources */,
				F3963F5321B783FF00493F20 /* DetailViewController.swift in Sources */,
			);
			runOnlyForDeploymentPostprocessing = 0;
		};
/* End PBXSourcesBuildPhase section */

/* Begin PBXVariantGroup section */
		F3963F3021B7719500493F20 /* Main.storyboard */ = {
			isa = PBXVariantGroup;
			children = (
				F3963F3121B7719500493F20 /* Base */,
			);
			name = Main.storyboard;
			sourceTree = "<group>";
		};
		F3963F3821B7719800493F20 /* LaunchScreen.storyboard */ = {
			isa = PBXVariantGroup;
			children = (
				F3963F3921B7719800493F20 /* Base */,
			);
			name = LaunchScreen.storyboard;
			sourceTree = "<group>";
		};
/* End PBXVariantGroup section */

/* Begin XCBuildConfiguration section */
		F3963F3C21B7719800493F20 /* Debug */ = {
			isa = XCBuildConfiguration;
			buildSettings = {
				ALWAYS_SEARCH_USER_PATHS = NO;
				CLANG_ANALYZER_NONNULL = YES;
				CLANG_ANALYZER_NUMBER_OBJECT_CONVERSION = YES_AGGRESSIVE;
				CLANG_CXX_LANGUAGE_STANDARD = "gnu++14";
				CLANG_CXX_LIBRARY = "libc++";
				CLANG_ENABLE_MODULES = YES;
				CLANG_ENABLE_OBJC_ARC = YES;
				CLANG_ENABLE_OBJC_WEAK = YES;
				CLANG_WARN_BLOCK_CAPTURE_AUTORELEASING = YES;
				CLANG_WARN_BOOL_CONVERSION = YES;
				CLANG_WARN_COMMA = YES;
				CLANG_WARN_CONSTANT_CONVERSION = YES;
				CLANG_WARN_DEPRECATED_OBJC_IMPLEMENTATIONS = YES;
				CLANG_WARN_DIRECT_OBJC_ISA_USAGE = YES_ERROR;
				CLANG_WARN_DOCUMENTATION_COMMENTS = YES;
				CLANG_WARN_EMPTY_BODY = YES;
				CLANG_WARN_ENUM_CONVERSION = YES;
				CLANG_WARN_INFINITE_RECURSION = YES;
				CLANG_WARN_INT_CONVERSION = YES;
				CLANG_WARN_NON_LITERAL_NULL_CONVERSION = YES;
				CLANG_WARN_OBJC_IMPLICIT_RETAIN_SELF = YES;
				CLANG_WARN_OBJC_LITERAL_CONVERSION = YES;
				CLANG_WARN_OBJC_ROOT_CLASS = YES_ERROR;
				CLANG_WARN_RANGE_LOOP_ANALYSIS = YES;
				CLANG_WARN_STRICT_PROTOTYPES = YES;
				CLANG_WARN_SUSPICIOUS_MOVE = YES;
				CLANG_WARN_UNGUARDED_AVAILABILITY = YES_AGGRESSIVE;
				CLANG_WARN_UNREACHABLE_CODE = YES;
				CLANG_WARN__DUPLICATE_METHOD_MATCH = YES;
				CODE_SIGN_IDENTITY = "iPhone Developer";
				COPY_PHASE_STRIP = NO;
				DEBUG_INFORMATION_FORMAT = dwarf;
				ENABLE_STRICT_OBJC_MSGSEND = YES;
				ENABLE_TESTABILITY = YES;
				GCC_C_LANGUAGE_STANDARD = gnu11;
				GCC_DYNAMIC_NO_PIC = NO;
				GCC_NO_COMMON_BLOCKS = YES;
				GCC_OPTIMIZATION_LEVEL = 0;
				GCC_PREPROCESSOR_DEFINITIONS = (
					"DEBUG=1",
					"$(inherited)",
				);
				GCC_WARN_64_TO_32_BIT_CONVERSION = YES;
				GCC_WARN_ABOUT_RETURN_TYPE = YES_ERROR;
				GCC_WARN_UNDECLARED_SELECTOR = YES;
				GCC_WARN_UNINITIALIZED_AUTOS = YES_AGGRESSIVE;
				GCC_WARN_UNUSED_FUNCTION = YES;
				GCC_WARN_UNUSED_VARIABLE = YES;
				IPHONEOS_DEPLOYMENT_TARGET = 12.1;
				MTL_ENABLE_DEBUG_INFO = INCLUDE_SOURCE;
				MTL_FAST_MATH = YES;
				ONLY_ACTIVE_ARCH = YES;
				SDKROOT = iphoneos;
				SWIFT_ACTIVE_COMPILATION_CONDITIONS = DEBUG;
				SWIFT_OPTIMIZATION_LEVEL = "-Onone";
			};
			name = Debug;
		};
		F3963F3D21B7719800493F20 /* Release */ = {
			isa = XCBuildConfiguration;
			buildSettings = {
				ALWAYS_SEARCH_USER_PATHS = NO;
				CLANG_ANALYZER_NONNULL = YES;
				CLANG_ANALYZER_NUMBER_OBJECT_CONVERSION = YES_AGGRESSIVE;
				CLANG_CXX_LANGUAGE_STANDARD = "gnu++14";
				CLANG_CXX_LIBRARY = "libc++";
				CLANG_ENABLE_MODULES = YES;
				CLANG_ENABLE_OBJC_ARC = YES;
				CLANG_ENABLE_OBJC_WEAK = YES;
				CLANG_WARN_BLOCK_CAPTURE_AUTORELEASING = YES;
				CLANG_WARN_BOOL_CONVERSION = YES;
				CLANG_WARN_COMMA = YES;
				CLANG_WARN_CONSTANT_CONVERSION = YES;
				CLANG_WARN_DEPRECATED_OBJC_IMPLEMENTATIONS = YES;
				CLANG_WARN_DIRECT_OBJC_ISA_USAGE = YES_ERROR;
				CLANG_WARN_DOCUMENTATION_COMMENTS = YES;
				CLANG_WARN_EMPTY_BODY = YES;
				CLANG_WARN_ENUM_CONVERSION = YES;
				CLANG_WARN_INFINITE_RECURSION = YES;
				CLANG_WARN_INT_CONVERSION = YES;
				CLANG_WARN_NON_LITERAL_NULL_CONVERSION = YES;
				CLANG_WARN_OBJC_IMPLICIT_RETAIN_SELF = YES;
				CLANG_WARN_OBJC_LITERAL_CONVERSION = YES;
				CLANG_WARN_OBJC_ROOT_CLASS = YES_ERROR;
				CLANG_WARN_RANGE_LOOP_ANALYSIS = YES;
				CLANG_WARN_STRICT_PROTOTYPES = YES;
				CLANG_WARN_SUSPICIOUS_MOVE = YES;
				CLANG_WARN_UNGUARDED_AVAILABILITY = YES_AGGRESSIVE;
				CLANG_WARN_UNREACHABLE_CODE = YES;
				CLANG_WARN__DUPLICATE_METHOD_MATCH = YES;
				CODE_SIGN_IDENTITY = "iPhone Developer";
				COPY_PHASE_STRIP = NO;
				DEBUG_INFORMATION_FORMAT = "dwarf-with-dsym";
				ENABLE_NS_ASSERTIONS = NO;
				ENABLE_STRICT_OBJC_MSGSEND = YES;
				GCC_C_LANGUAGE_STANDARD = gnu11;
				GCC_NO_COMMON_BLOCKS = YES;
				GCC_WARN_64_TO_32_BIT_CONVERSION = YES;
				GCC_WARN_ABOUT_RETURN_TYPE = YES_ERROR;
				GCC_WARN_UNDECLARED_SELECTOR = YES;
				GCC_WARN_UNINITIALIZED_AUTOS = YES_AGGRESSIVE;
				GCC_WARN_UNUSED_FUNCTION = YES;
				GCC_WARN_UNUSED_VARIABLE = YES;
				IPHONEOS_DEPLOYMENT_TARGET = 12.1;
				MTL_ENABLE_DEBUG_INFO = NO;
				MTL_FAST_MATH = YES;
				SDKROOT = iphoneos;
				SWIFT_COMPILATION_MODE = wholemodule;
				SWIFT_OPTIMIZATION_LEVEL = "-O";
				VALIDATE_PRODUCT = YES;
			};
			name = Release;
		};
		F3963F3F21B7719800493F20 /* Debug */ = {
			isa = XCBuildConfiguration;
			buildSettings = {
				ASSETCATALOG_COMPILER_APPICON_NAME = AppIcon;
				CODE_SIGN_STYLE = Automatic;
				DEVELOPMENT_TEAM = LAW8PH9SP3;
				INFOPLIST_FILE = "$(SRCROOT)/Tienda/Resources/Info.plist";
				LD_RUNPATH_SEARCH_PATHS = (
					"$(inherited)",
					"@executable_path/Frameworks",
				);
				PRODUCT_BUNDLE_IDENTIFIER = com.artkode.TiendaAli;
				PRODUCT_NAME = "$(TARGET_NAME)";
				SWIFT_VERSION = 4.2;
				TARGETED_DEVICE_FAMILY = "1,2";
			};
			name = Debug;
		};
		F3963F4021B7719800493F20 /* Release */ = {
			isa = XCBuildConfiguration;
			buildSettings = {
				ASSETCATALOG_COMPILER_APPICON_NAME = AppIcon;
				CODE_SIGN_STYLE = Automatic;
				DEVELOPMENT_TEAM = LAW8PH9SP3;
				INFOPLIST_FILE = "$(SRCROOT)/Tienda/Resources/Info.plist";
				LD_RUNPATH_SEARCH_PATHS = (
					"$(inherited)",
					"@executable_path/Frameworks",
				);
				PRODUCT_BUNDLE_IDENTIFIER = com.artkode.TiendaAli;
				PRODUCT_NAME = "$(TARGET_NAME)";
				SWIFT_VERSION = 4.2;
				TARGETED_DEVICE_FAMILY = "1,2";
			};
			name = Release;
		};
/* End XCBuildConfiguration section */

/* Begin XCConfigurationList section */
		F3963F2421B7719500493F20 /* Build configuration list for PBXProject "Tienda" */ = {
			isa = XCConfigurationList;
			buildConfigurations = (
				F3963F3C21B7719800493F20 /* Debug */,
				F3963F3D21B7719800493F20 /* Release */,
			);
			defaultConfigurationIsVisible = 0;
			defaultConfigurationName = Release;
		};
		F3963F3E21B7719800493F20 /* Build configuration list for PBXNativeTarget "Tienda" */ = {
			isa = XCConfigurationList;
			buildConfigurations = (
				F3963F3F21B7719800493F20 /* Debug */,
				F3963F4021B7719800493F20 /* Release */,
			);
			defaultConfigurationIsVisible = 0;
			defaultConfigurationName = Release;
		};
/* End XCConfigurationList section */

/* Begin XCVersionGroup section */
		F3963F3321B7719500493F20 /* Tienda.xcdatamodeld */ = {
			isa = XCVersionGroup;
			children = (
				F3963F3421B7719500493F20 /* Tienda.xcdatamodel */,
			);
			currentVersion = F3963F3421B7719500493F20 /* Tienda.xcdatamodel */;
			path = Tienda.xcdatamodeld;
			sourceTree = "<group>";
			versionGroupType = wrapper.xcdatamodel;
		};
/* End XCVersionGroup section */
	};
	rootObject = F3963F2121B7719500493F20 /* Project object */;
}
